{
  "version": 4,
  "terraform_version": "0.12.24",
  "serial": 3,
  "lineage": "fa61b54f-e634-cdc8-9ddd-9bca00efc5e5",
  "outputs": {
    "instance_ip_addr": {
      "value": "134.209.191.55",
      "type": "string"
    }
  },
  "resources": [
    {
      "mode": "managed",
      "type": "digitalocean_droplet",
      "name": "node1",
      "provider": "provider.digitalocean",
      "instances": [
        {
          "schema_version": 1,
          "attributes": {
            "backups": false,
            "created_at": "2020-05-01T18:19:51Z",
            "disk": 50,
            "id": "190665389",
            "image": "centos-7-x64",
            "ipv4_address": "134.209.191.55",
            "ipv4_address_private": "",
            "ipv6": false,
            "ipv6_address": "",
            "ipv6_address_private": null,
            "locked": false,
            "memory": 2048,
            "monitoring": false,
            "name": "lon1-xcart1",
            "price_hourly": 0.01488,
            "price_monthly": 10,
            "private_networking": false,
            "region": "lon1",
            "resize_disk": true,
            "size": "s-1vcpu-2gb",
            "ssh_keys": [
              "89:9f:23:ad:24:15:de:dc:63:c3:c1:f5:4f:69:77:9a"
            ],
            "status": "active",
            "tags": null,
            "urn": "do:droplet:190665389",
            "user_data": null,
            "vcpus": 1,
            "volume_ids": [],
            "vpc_uuid": ""
          },
          "private": "eyJzY2hlbWFfdmVyc2lvbiI6IjEifQ==",
          "dependencies": [
            "digitalocean_ssh_key.default"
          ]
        }
      ]
    },
    {
      "mode": "managed",
      "type": "digitalocean_ssh_key",
      "name": "default",
      "provider": "provider.digitalocean",
      "instances": [
        {
          "schema_version": 0,
          "attributes": {
            "fingerprint": "89:9f:23:ad:24:15:de:dc:63:c3:c1:f5:4f:69:77:9a",
            "id": "27274552",
            "name": "jenkins ssh key",
            "public_key": "ssh-rsa AAAAB3NzaC1yc2EAAAADAQABAAABAQCkPBBLGutGyY0sf7dzJ5ZrO64flgBzBHilPn3SoQ2O/G344rqB29iZBYWeHOlmCoESrjmV9AtfASScP3dLMgf8HODZV7H8P+K/MAumCbv/F+mzvp7vPt0I5wMYzzdptswbeBI/97pUSeoguvPHFV5uhZ8+fUkSbkf5GJad1+mKn2NON0758oJBv95S7OuEIwkJCG5Dn9h9pDdwu1gLTCF0lkgPSCIqbJ8hda+Gd6xSzoLcsFF8pgN3Pc9xYFq9D/Xl6FAneq4fOOmrOXgGSUyYQklPY0nLMXcylVfCSHuOvtImX1jY395mNFsh45og2gEWMbAw1l7etngT89XXVXM7 jenkins@linux-deploy.localdomain"
          },
          "private": "bnVsbA=="
        }
      ]
    }
  ]
}
